
Microsoft Visual Studio Solution File, Format Version 12.00
# Visual Studio 14
VisualStudioVersion = 14.0.22823.1
MinimumVisualStudioVersion = 10.0.40219.1
Project("{2150E333-8FDC-42A3-9474-1A3956D46DE8}") = "BackEnd", "BackEnd", "{7CE2FC4D-ED08-45A7-AB17-18E7A0547BFB}"
EndProject
Project("{2150E333-8FDC-42A3-9474-1A3956D46DE8}") = "FrontEnd", "FrontEnd", "{8ABD9CC6-2403-4DF1-A165-D07259D1F574}"
EndProject
Project("{FAE04EC0-301F-11D3-BF4B-00C04F79EFBC}") = "GuiaDaPesca.Domain", "GuiaDaPesca.Domain\GuiaDaPesca.Domain.csproj", "{65AD81D9-D4FD-4B7B-96F6-7649F0F4A5C8}"
EndProject
Project("{FAE04EC0-301F-11D3-BF4B-00C04F79EFBC}") = "GuiaDaPesca.Infra", "GuiaDaPesca.Infra\GuiaDaPesca.Infra.csproj", "{E51007DB-C740-43F9-A151-7BA1A74F30B9}"
EndProject
Project("{FAE04EC0-301F-11D3-BF4B-00C04F79EFBC}") = "GuiaDaPesca.Domain.Test", "GuiaDaPesca.Domain.Test\GuiaDaPesca.Domain.Test.csproj", "{11467901-3F1C-49F8-84B5-CCEE646A0B1D}"
EndProject
Project("{FAE04EC0-301F-11D3-BF4B-00C04F79EFBC}") = "GuiaDePesca.Resourse", "GuiaDePesca.Resourse\GuiaDePesca.Resourse.csproj", "{470A4DEF-A7B4-41CF-83EF-DAF92AAB903E}"
EndProject
Project("{FAE04EC0-301F-11D3-BF4B-00C04F79EFBC}") = "GuiaDaPesca.Site", "GuiaDaPesca.Site\GuiaDaPesca.Site.csproj", "{88E1DB6E-3F7E-450A-9EC7-51AC15A9BABD}"
EndProject
Project("{FAE04EC0-301F-11D3-BF4B-00C04F79EFBC}") = "GuiaDaPesca.Services", "GuiaDaPesca.Services\GuiaDaPesca.Services.csproj", "{9F7D6551-0458-45E6-B642-89282CE438A6}"
EndProject
Global
	GlobalSection(SolutionConfigurationPlatforms) = preSolution
		Debug|Any CPU = Debug|Any CPU
		Release|Any CPU = Release|Any CPU
	EndGlobalSection
	GlobalSection(ProjectConfigurationPlatforms) = postSolution
		{65AD81D9-D4FD-4B7B-96F6-7649F0F4A5C8}.Debug|Any CPU.ActiveCfg = Debug|Any CPU
		{65AD81D9-D4FD-4B7B-96F6-7649F0F4A5C8}.Debug|Any CPU.Build.0 = Debug|Any CPU
		{65AD81D9-D4FD-4B7B-96F6-7649F0F4A5C8}.Release|Any CPU.ActiveCfg = Release|Any CPU
		{65AD81D9-D4FD-4B7B-96F6-7649F0F4A5C8}.Release|Any CPU.Build.0 = Release|Any CPU
		{E51007DB-C740-43F9-A151-7BA1A74F30B9}.Debug|Any CPU.ActiveCfg = Debug|Any CPU
		{E51007DB-C740-43F9-A151-7BA1A74F30B9}.Debug|Any CPU.Build.0 = Debug|Any CPU
		{E51007DB-C740-43F9-A151-7BA1A74F30B9}.Release|Any CPU.ActiveCfg = Release|Any CPU
		{E51007DB-C740-43F9-A151-7BA1A74F30B9}.Release|Any CPU.Build.0 = Release|Any CPU
		{11467901-3F1C-49F8-84B5-CCEE646A0B1D}.Debug|Any CPU.ActiveCfg = Debug|Any CPU
		{11467901-3F1C-49F8-84B5-CCEE646A0B1D}.Debug|Any CPU.Build.0 = Debug|Any CPU
		{11467901-3F1C-49F8-84B5-CCEE646A0B1D}.Release|Any CPU.ActiveCfg = Release|Any CPU
		{11467901-3F1C-49F8-84B5-CCEE646A0B1D}.Release|Any CPU.Build.0 = Release|Any CPU
		{470A4DEF-A7B4-41CF-83EF-DAF92AAB903E}.Debug|Any CPU.ActiveCfg = Debug|Any CPU
		{470A4DEF-A7B4-41CF-83EF-DAF92AAB903E}.Debug|Any CPU.Build.0 = Debug|Any CPU
		{470A4DEF-A7B4-41CF-83EF-DAF92AAB903E}.Release|Any CPU.ActiveCfg = Release|Any CPU
		{470A4DEF-A7B4-41CF-83EF-DAF92AAB903E}.Release|Any CPU.Build.0 = Release|Any CPU
		{88E1DB6E-3F7E-450A-9EC7-51AC15A9BABD}.Debug|Any CPU.ActiveCfg = Debug|Any CPU
		{88E1DB6E-3F7E-450A-9EC7-51AC15A9BABD}.Debug|Any CPU.Build.0 = Debug|Any CPU
		{88E1DB6E-3F7E-450A-9EC7-51AC15A9BABD}.Release|Any CPU.ActiveCfg = Release|Any CPU
		{88E1DB6E-3F7E-450A-9EC7-51AC15A9BABD}.Release|Any CPU.Build.0 = Release|Any CPU
		{9F7D6551-0458-45E6-B642-89282CE438A6}.Debug|Any CPU.ActiveCfg = Debug|Any CPU
		{9F7D6551-0458-45E6-B642-89282CE438A6}.Debug|Any CPU.Build.0 = Debug|Any CPU
		{9F7D6551-0458-45E6-B642-89282CE438A6}.Release|Any CPU.ActiveCfg = Release|Any CPU
		{9F7D6551-0458-45E6-B642-89282CE438A6}.Release|Any CPU.Build.0 = Release|Any CPU
	EndGlobalSection
	GlobalSection(SolutionProperties) = preSolution
		HideSolutionNode = FALSE
	EndGlobalSection
	GlobalSection(NestedProjects) = preSolution
		{65AD81D9-D4FD-4B7B-96F6-7649F0F4A5C8} = {7CE2FC4D-ED08-45A7-AB17-18E7A0547BFB}
		{E51007DB-C740-43F9-A151-7BA1A74F30B9} = {7CE2FC4D-ED08-45A7-AB17-18E7A0547BFB}
		{11467901-3F1C-49F8-84B5-CCEE646A0B1D} = {7CE2FC4D-ED08-45A7-AB17-18E7A0547BFB}
		{470A4DEF-A7B4-41CF-83EF-DAF92AAB903E} = {7CE2FC4D-ED08-45A7-AB17-18E7A0547BFB}
		{88E1DB6E-3F7E-450A-9EC7-51AC15A9BABD} = {8ABD9CC6-2403-4DF1-A165-D07259D1F574}
		{9F7D6551-0458-45E6-B642-89282CE438A6} = {7CE2FC4D-ED08-45A7-AB17-18E7A0547BFB}
	EndGlobalSection
EndGlobal
